
Microsoft Visual Studio Solution File, Format Version 12.00
# Visual Studio Version 16
VisualStudioVersion = 16.0.31613.86
MinimumVisualStudioVersion = 10.0.40219.1
Project("{FAE04EC0-301F-11D3-BF4B-00C04F79EFBC}") = "ChessEngine", "ChessEngine\ChessEngine.csproj", "{751E775C-BD45-4C42-9E46-9FF58D3D8372}"
EndProject
Project("{FAE04EC0-301F-11D3-BF4B-00C04F79EFBC}") = "ChessTest", "ChessTest\ChessTest.csproj", "{12B1752F-1EBB-406D-B9C2-3AB91A626E54}"
EndProject
Global
	GlobalSection(SolutionConfigurationPlatforms) = preSolution
		Debug|Any CPU = Debug|Any CPU
		Release|Any CPU = Release|Any CPU
	EndGlobalSection
	GlobalSection(ProjectConfigurationPlatforms) = postSolution
		{751E775C-BD45-4C42-9E46-9FF58D3D8372}.Debug|Any CPU.ActiveCfg = Debug|Any CPU
		{751E775C-BD45-4C42-9E46-9FF58D3D8372}.Debug|Any CPU.Build.0 = Debug|Any CPU
		{751E775C-BD45-4C42-9E46-9FF58D3D8372}.Release|Any CPU.ActiveCfg = Release|Any CPU
		{751E775C-BD45-4C42-9E46-9FF58D3D8372}.Release|Any CPU.Build.0 = Release|Any CPU
		{12B1752F-1EBB-406D-B9C2-3AB91A626E54}.Debug|Any CPU.ActiveCfg = Debug|Any CPU
		{12B1752F-1EBB-406D-B9C2-3AB91A626E54}.Debug|Any CPU.Build.0 = Debug|Any CPU
		{12B1752F-1EBB-406D-B9C2-3AB91A626E54}.Release|Any CPU.ActiveCfg = Release|Any CPU
		{12B1752F-1EBB-406D-B9C2-3AB91A626E54}.Release|Any CPU.Build.0 = Release|Any CPU
	EndGlobalSection
	GlobalSection(SolutionProperties) = preSolution
		HideSolutionNode = FALSE
	EndGlobalSection
	GlobalSection(ExtensibilityGlobals) = postSolution
		SolutionGuid = {842ADC15-E967-4927-A603-89A6767C799F}
	EndGlobalSection
EndGlobal
